
Microsoft Visual Studio Solution File, Format Version 12.00
# Visual Studio Version 17
VisualStudioVersion = 17.9.34714.143
MinimumVisualStudioVersion = 10.0.40219.1
Project("{2150E333-8FDC-42A3-9474-1A3956D46DE8}") = "Services", "Services", "{DED2A324-9724-4200-AC18-40135AC7322B}"
EndProject
Project("{2150E333-8FDC-42A3-9474-1A3956D46DE8}") = "Catalog", "Catalog", "{3AE9ED1D-7AE6-424E-8A1F-CA9B99499884}"
EndProject
Project("{9A19103F-16F7-4668-BE54-9A1E7A4F7556}") = "MultiShop.Catalog", "Services\Catalog\MultiShop.Catalog\MultiShop.Catalog.csproj", "{9CAC6F8F-1F7F-4404-91B4-7B60F02DE981}"
EndProject
Project("{2150E333-8FDC-42A3-9474-1A3956D46DE8}") = "Discount", "Discount", "{FD451E2F-EB4E-493D-A0A6-4CAC52057D16}"
EndProject
Project("{9A19103F-16F7-4668-BE54-9A1E7A4F7556}") = "MultiShop.Discount", "Services\Discount\MultiShop.Discount\MultiShop.Discount.csproj", "{0E041F22-F7F5-47D2-B64F-3456A499575F}"
EndProject
Project("{2150E333-8FDC-42A3-9474-1A3956D46DE8}") = "Order", "Order", "{77C9A343-5739-4E29-9179-3EC2AF698332}"
EndProject
Project("{2150E333-8FDC-42A3-9474-1A3956D46DE8}") = "Core", "Core", "{D918D943-698B-4327-8471-8E46AA06B6C9}"
EndProject
Project("{2150E333-8FDC-42A3-9474-1A3956D46DE8}") = "Infrastructure", "Infrastructure", "{88F6235B-CBE0-4C0A-A551-E3F84EFBF0F3}"
EndProject
Project("{2150E333-8FDC-42A3-9474-1A3956D46DE8}") = "Presentation", "Presentation", "{B6331150-7268-4EC0-803C-8203BBD9C67F}"
EndProject
Project("{9A19103F-16F7-4668-BE54-9A1E7A4F7556}") = "MultiShop.Order.Domain", "Services\Order\Core\MultiShop.Order.Domain\MultiShop.Order.Domain.csproj", "{611998F6-1239-48C9-AE3E-AA5E1DFA8F2B}"
EndProject
Project("{9A19103F-16F7-4668-BE54-9A1E7A4F7556}") = "MultiShop.Order.Persistence", "Services\Order\Infrastructure\MultiShop.Order.Persistence\MultiShop.Order.Persistence.csproj", "{F84F25FA-8ABE-42BC-9988-EAFB68B2BB80}"
EndProject
Project("{9A19103F-16F7-4668-BE54-9A1E7A4F7556}") = "MultiShop.Order.WebApi", "Services\Order\Presentation\MultiShop.Order.WebApi\MultiShop.Order.WebApi.csproj", "{469E3E3E-4FC8-4309-A009-2D3481B1E099}"
EndProject
Project("{9A19103F-16F7-4668-BE54-9A1E7A4F7556}") = "MulitShop.Order.Application", "Services\Order\Core\MulitShop.Order.Application\MulitShop.Order.Application.csproj", "{08622D9B-D4AC-4701-A98E-BECF04CB6097}"
EndProject
Global
	GlobalSection(SolutionConfigurationPlatforms) = preSolution
		Debug|Any CPU = Debug|Any CPU
		Release|Any CPU = Release|Any CPU
	EndGlobalSection
	GlobalSection(ProjectConfigurationPlatforms) = postSolution
		{9CAC6F8F-1F7F-4404-91B4-7B60F02DE981}.Debug|Any CPU.ActiveCfg = Debug|Any CPU
		{9CAC6F8F-1F7F-4404-91B4-7B60F02DE981}.Debug|Any CPU.Build.0 = Debug|Any CPU
		{9CAC6F8F-1F7F-4404-91B4-7B60F02DE981}.Release|Any CPU.ActiveCfg = Release|Any CPU
		{9CAC6F8F-1F7F-4404-91B4-7B60F02DE981}.Release|Any CPU.Build.0 = Release|Any CPU
		{0E041F22-F7F5-47D2-B64F-3456A499575F}.Debug|Any CPU.ActiveCfg = Debug|Any CPU
		{0E041F22-F7F5-47D2-B64F-3456A499575F}.Debug|Any CPU.Build.0 = Debug|Any CPU
		{0E041F22-F7F5-47D2-B64F-3456A499575F}.Release|Any CPU.ActiveCfg = Release|Any CPU
		{0E041F22-F7F5-47D2-B64F-3456A499575F}.Release|Any CPU.Build.0 = Release|Any CPU
		{611998F6-1239-48C9-AE3E-AA5E1DFA8F2B}.Debug|Any CPU.ActiveCfg = Debug|Any CPU
		{611998F6-1239-48C9-AE3E-AA5E1DFA8F2B}.Debug|Any CPU.Build.0 = Debug|Any CPU
		{611998F6-1239-48C9-AE3E-AA5E1DFA8F2B}.Release|Any CPU.ActiveCfg = Release|Any CPU
		{611998F6-1239-48C9-AE3E-AA5E1DFA8F2B}.Release|Any CPU.Build.0 = Release|Any CPU
		{F84F25FA-8ABE-42BC-9988-EAFB68B2BB80}.Debug|Any CPU.ActiveCfg = Debug|Any CPU
		{F84F25FA-8ABE-42BC-9988-EAFB68B2BB80}.Debug|Any CPU.Build.0 = Debug|Any CPU
		{F84F25FA-8ABE-42BC-9988-EAFB68B2BB80}.Release|Any CPU.ActiveCfg = Release|Any CPU
		{F84F25FA-8ABE-42BC-9988-EAFB68B2BB80}.Release|Any CPU.Build.0 = Release|Any CPU
		{469E3E3E-4FC8-4309-A009-2D3481B1E099}.Debug|Any CPU.ActiveCfg = Debug|Any CPU
		{469E3E3E-4FC8-4309-A009-2D3481B1E099}.Debug|Any CPU.Build.0 = Debug|Any CPU
		{469E3E3E-4FC8-4309-A009-2D3481B1E099}.Release|Any CPU.ActiveCfg = Release|Any CPU
		{469E3E3E-4FC8-4309-A009-2D3481B1E099}.Release|Any CPU.Build.0 = Release|Any CPU
		{08622D9B-D4AC-4701-A98E-BECF04CB6097}.Debug|Any CPU.ActiveCfg = Debug|Any CPU
		{08622D9B-D4AC-4701-A98E-BECF04CB6097}.Debug|Any CPU.Build.0 = Debug|Any CPU
		{08622D9B-D4AC-4701-A98E-BECF04CB6097}.Release|Any CPU.ActiveCfg = Release|Any CPU
		{08622D9B-D4AC-4701-A98E-BECF04CB6097}.Release|Any CPU.Build.0 = Release|Any CPU
	EndGlobalSection
	GlobalSection(SolutionProperties) = preSolution
		HideSolutionNode = FALSE
	EndGlobalSection
	GlobalSection(NestedProjects) = preSolution
		{3AE9ED1D-7AE6-424E-8A1F-CA9B99499884} = {DED2A324-9724-4200-AC18-40135AC7322B}
		{9CAC6F8F-1F7F-4404-91B4-7B60F02DE981} = {3AE9ED1D-7AE6-424E-8A1F-CA9B99499884}
		{FD451E2F-EB4E-493D-A0A6-4CAC52057D16} = {DED2A324-9724-4200-AC18-40135AC7322B}
		{0E041F22-F7F5-47D2-B64F-3456A499575F} = {FD451E2F-EB4E-493D-A0A6-4CAC52057D16}
		{77C9A343-5739-4E29-9179-3EC2AF698332} = {DED2A324-9724-4200-AC18-40135AC7322B}
		{D918D943-698B-4327-8471-8E46AA06B6C9} = {77C9A343-5739-4E29-9179-3EC2AF698332}
		{88F6235B-CBE0-4C0A-A551-E3F84EFBF0F3} = {77C9A343-5739-4E29-9179-3EC2AF698332}
		{B6331150-7268-4EC0-803C-8203BBD9C67F} = {77C9A343-5739-4E29-9179-3EC2AF698332}
		{611998F6-1239-48C9-AE3E-AA5E1DFA8F2B} = {D918D943-698B-4327-8471-8E46AA06B6C9}
		{F84F25FA-8ABE-42BC-9988-EAFB68B2BB80} = {88F6235B-CBE0-4C0A-A551-E3F84EFBF0F3}
		{469E3E3E-4FC8-4309-A009-2D3481B1E099} = {B6331150-7268-4EC0-803C-8203BBD9C67F}
		{08622D9B-D4AC-4701-A98E-BECF04CB6097} = {D918D943-698B-4327-8471-8E46AA06B6C9}
	EndGlobalSection
	GlobalSection(ExtensibilityGlobals) = postSolution
		SolutionGuid = {B1FFC9FE-FFC4-43C4-9EBE-6868B112AE0E}
	EndGlobalSection
EndGlobal
